
Microsoft Visual Studio Solution File, Format Version 12.00
# Visual Studio Version 17
VisualStudioVersion = 17.6.33723.286
MinimumVisualStudioVersion = 10.0.40219.1
Project("{FAE04EC0-301F-11D3-BF4B-00C04F79EFBC}") = "App_Bancaria", "App_Bancaria.csproj", "{CACD137C-B6AB-4DB9-A85E-A163951AB1BF}"
EndProject
Global
	GlobalSection(SolutionConfigurationPlatforms) = preSolution
		Debug|Any CPU = Debug|Any CPU
		Release|Any CPU = Release|Any CPU
	EndGlobalSection
	GlobalSection(ProjectConfigurationPlatforms) = postSolution
		{CACD137C-B6AB-4DB9-A85E-A163951AB1BF}.Debug|Any CPU.ActiveCfg = Debug|Any CPU
		{CACD137C-B6AB-4DB9-A85E-A163951AB1BF}.Debug|Any CPU.Build.0 = Debug|Any CPU
		{CACD137C-B6AB-4DB9-A85E-A163951AB1BF}.Release|Any CPU.ActiveCfg = Release|Any CPU
		{CACD137C-B6AB-4DB9-A85E-A163951AB1BF}.Release|Any CPU.Build.0 = Release|Any CPU
	EndGlobalSection
	GlobalSection(SolutionProperties) = preSolution
		HideSolutionNode = FALSE
	EndGlobalSection
	GlobalSection(ExtensibilityGlobals) = postSolution
		SolutionGuid = {CC00BB2A-58B6-4928-83DF-3B0DF83C5A65}
	EndGlobalSection
EndGlobal
